// !$*UTF8*$!
{
	archiveVersion = 1;
	classes = {
	};
	objectVersion = 50;
	objects = {

/* Begin PBXBuildFile section */
		5C94D3D923A2B839005C6EF0 /* node.cxx in Sources */ = {isa = PBXBuildFile; fileRef = 5C94D3D723A2B839005C6EF0 /* node.cxx */; };
		5CF32B0523A3157F0025023E /* location.cxx in Sources */ = {isa = PBXBuildFile; fileRef = 5CF32B0323A3157F0025023E /* location.cxx */; };
		F47D1204239878E900E62435 /* reduce.cxx in Sources */ = {isa = PBXBuildFile; fileRef = F47D1202239878E900E62435 /* reduce.cxx */; };
		F4AE87392385EFA300E03523 /* charbuf.cxx in Sources */ = {isa = PBXBuildFile; fileRef = F4AE87372385EFA300E03523 /* charbuf.cxx */; };
		F4AE873C2385FD1400E03523 /* consumer.cxx in Sources */ = {isa = PBXBuildFile; fileRef = F4AE873A2385FD1400E03523 /* consumer.cxx */; };
		F4AE873F2386180800E03523 /* acceptor.cxx in Sources */ = {isa = PBXBuildFile; fileRef = F4AE873D2386180800E03523 /* acceptor.cxx */; };
		F4CB19BB2385E32800EF9C85 /* main.cxx in Sources */ = {isa = PBXBuildFile; fileRef = F4CB19BA2385E32800EF9C85 /* main.cxx */; };
		F4CB19D02385EA6800EF9C85 /* util.cxx in Sources */ = {isa = PBXBuildFile; fileRef = F4CB19CE2385EA6800EF9C85 /* util.cxx */; };
		F4FE3288239B25EE00DD0034 /* exception.cxx in Sources */ = {isa = PBXBuildFile; fileRef = F4FE3285239B25EE00DD0034 /* exception.cxx */; };
/* End PBXBuildFile section */

/* Begin PBXCopyFilesBuildPhase section */
		F4CB19B52385E32800EF9C85 /* CopyFiles */ = {
			isa = PBXCopyFilesBuildPhase;
			buildActionMask = 2147483647;
			dstPath = /usr/share/man/man1/;
			dstSubfolderSpec = 0;
			files = (
			);
			runOnlyForDeploymentPostprocessing = 1;
		};
/* End PBXCopyFilesBuildPhase section */

/* Begin PBXFileReference section */
		5C94D3D723A2B839005C6EF0 /* node.cxx */ = {isa = PBXFileReference; lastKnownFileType = sourcecode.cpp.cpp; path = node.cxx; sourceTree = "<group>"; };
		5C94D3D823A2B839005C6EF0 /* node.hxx */ = {isa = PBXFileReference; lastKnownFileType = sourcecode.cpp.h; path = node.hxx; sourceTree = "<group>"; };
		5CF32B0323A3157F0025023E /* location.cxx */ = {isa = PBXFileReference; fileEncoding = 4; lastKnownFileType = sourcecode.cpp.cpp; path = location.cxx; sourceTree = "<group>"; };
		5CF32B0423A3157F0025023E /* location.hxx */ = {isa = PBXFileReference; fileEncoding = 4; lastKnownFileType = sourcecode.cpp.h; path = location.hxx; sourceTree = "<group>"; };
		F47D1202239878E900E62435 /* reduce.cxx */ = {isa = PBXFileReference; lastKnownFileType = sourcecode.cpp.cpp; path = reduce.cxx; sourceTree = "<group>"; };
		F47D1203239878E900E62435 /* reduce.hxx */ = {isa = PBXFileReference; lastKnownFileType = sourcecode.cpp.h; path = reduce.hxx; sourceTree = "<group>"; };
		F4AE87372385EFA300E03523 /* charbuf.cxx */ = {isa = PBXFileReference; lastKnownFileType = sourcecode.cpp.cpp; path = charbuf.cxx; sourceTree = "<group>"; };
		F4AE87382385EFA300E03523 /* charbuf.hxx */ = {isa = PBXFileReference; lastKnownFileType = sourcecode.cpp.h; path = charbuf.hxx; sourceTree = "<group>"; };
		F4AE873A2385FD1400E03523 /* consumer.cxx */ = {isa = PBXFileReference; lastKnownFileType = sourcecode.cpp.cpp; path = consumer.cxx; sourceTree = "<group>"; };
		F4AE873B2385FD1400E03523 /* consumer.hxx */ = {isa = PBXFileReference; lastKnownFileType = sourcecode.cpp.h; path = consumer.hxx; sourceTree = "<group>"; };
		F4AE873D2386180800E03523 /* acceptor.cxx */ = {isa = PBXFileReference; lastKnownFileType = sourcecode.cpp.cpp; path = acceptor.cxx; sourceTree = "<group>"; };
		F4AE873E2386180800E03523 /* acceptor.hxx */ = {isa = PBXFileReference; lastKnownFileType = sourcecode.cpp.h; path = acceptor.hxx; sourceTree = "<group>"; };
		F4CB19B72385E32800EF9C85 /* apfev3 */ = {isa = PBXFileReference; explicitFileType = "compiled.mach-o.executable"; includeInIndex = 0; path = apfev3; sourceTree = BUILT_PRODUCTS_DIR; };
		F4CB19BA2385E32800EF9C85 /* main.cxx */ = {isa = PBXFileReference; lastKnownFileType = sourcecode.cpp.cpp; path = main.cxx; sourceTree = "<group>"; };
		F4CB19CE2385EA6800EF9C85 /* util.cxx */ = {isa = PBXFileReference; lastKnownFileType = sourcecode.cpp.cpp; path = util.cxx; sourceTree = "<group>"; };
		F4CB19CF2385EA6800EF9C85 /* util.hxx */ = {isa = PBXFileReference; lastKnownFileType = sourcecode.cpp.h; path = util.hxx; sourceTree = "<group>"; };
		F4FE3285239B25EE00DD0034 /* exception.cxx */ = {isa = PBXFileReference; fileEncoding = 4; lastKnownFileType = sourcecode.cpp.cpp; path = exception.cxx; sourceTree = "<group>"; };
		F4FE3286239B25EE00DD0034 /* exception.hxx */ = {isa = PBXFileReference; fileEncoding = 4; lastKnownFileType = sourcecode.cpp.h; path = exception.hxx; sourceTree = "<group>"; };
		F4FE3287239B25EE00DD0034 /* refcnt.hxx */ = {isa = PBXFileReference; fileEncoding = 4; lastKnownFileType = sourcecode.cpp.h; path = refcnt.hxx; sourceTree = "<group>"; };
/* End PBXFileReference section */

/* Begin PBXFrameworksBuildPhase section */
		F4CB19B42385E32800EF9C85 /* Frameworks */ = {
			isa = PBXFrameworksBuildPhase;
			buildActionMask = 2147483647;
			files = (
			);
			runOnlyForDeploymentPostprocessing = 0;
		};
/* End PBXFrameworksBuildPhase section */

/* Begin PBXGroup section */
		F4CB19AE2385E32800EF9C85 = {
			isa = PBXGroup;
			children = (
				F4CB19B92385E32800EF9C85 /* src */,
				F4CB19B82385E32800EF9C85 /* Products */,
			);
			sourceTree = "<group>";
		};
		F4CB19B82385E32800EF9C85 /* Products */ = {
			isa = PBXGroup;
			children = (
				F4CB19B72385E32800EF9C85 /* apfev3 */,
			);
			name = Products;
			sourceTree = "<group>";
		};
		F4CB19B92385E32800EF9C85 /* src */ = {
			isa = PBXGroup;
			children = (
				F4CB19CD2385E9CF00EF9C85 /* apfev3 */,
				F4FE3284239B25BA00DD0034 /* xyzzy */,
				F4CB19BA2385E32800EF9C85 /* main.cxx */,
			);
			path = src;
			sourceTree = "<group>";
		};
		F4CB19CD2385E9CF00EF9C85 /* apfev3 */ = {
			isa = PBXGroup;
			children = (
				F4AE873D2386180800E03523 /* acceptor.cxx */,
				F4AE873E2386180800E03523 /* acceptor.hxx */,
				F4AE87372385EFA300E03523 /* charbuf.cxx */,
				F4AE87382385EFA300E03523 /* charbuf.hxx */,
				F4AE873A2385FD1400E03523 /* consumer.cxx */,
				F4AE873B2385FD1400E03523 /* consumer.hxx */,
				5CF32B0323A3157F0025023E /* location.cxx */,
				5CF32B0423A3157F0025023E /* location.hxx */,
				5C94D3D723A2B839005C6EF0 /* node.cxx */,
				5C94D3D823A2B839005C6EF0 /* node.hxx */,
				F47D1202239878E900E62435 /* reduce.cxx */,
				F47D1203239878E900E62435 /* reduce.hxx */,
				F4CB19CE2385EA6800EF9C85 /* util.cxx */,
				F4CB19CF2385EA6800EF9C85 /* util.hxx */,
			);
			path = apfev3;
			sourceTree = "<group>";
		};
		F4FE3284239B25BA00DD0034 /* xyzzy */ = {
			isa = PBXGroup;
			children = (
				F4FE3285239B25EE00DD0034 /* exception.cxx */,
				F4FE3286239B25EE00DD0034 /* exception.hxx */,
				F4FE3287239B25EE00DD0034 /* refcnt.hxx */,
			);
			path = xyzzy;
			sourceTree = "<group>";
		};
/* End PBXGroup section */

/* Begin PBXNativeTarget section */
		F4CB19B62385E32800EF9C85 /* apfev3 */ = {
			isa = PBXNativeTarget;
			buildConfigurationList = F4CB19BE2385E32800EF9C85 /* Build configuration list for PBXNativeTarget "apfev3" */;
			buildPhases = (
				F4CB19B32385E32800EF9C85 /* Sources */,
				F4CB19B42385E32800EF9C85 /* Frameworks */,
				F4CB19B52385E32800EF9C85 /* CopyFiles */,
			);
			buildRules = (
			);
			dependencies = (
			);
			name = apfev3;
			productName = apfev3;
			productReference = F4CB19B72385E32800EF9C85 /* apfev3 */;
			productType = "com.apple.product-type.tool";
		};
/* End PBXNativeTarget section */

/* Begin PBXProject section */
		F4CB19AF2385E32800EF9C85 /* Project object */ = {
			isa = PBXProject;
			attributes = {
				LastUpgradeCheck = 1120;
				ORGANIZATIONNAME = "Karl W Pfalzer";
				TargetAttributes = {
					F4CB19B62385E32800EF9C85 = {
						CreatedOnToolsVersion = 11.2.1;
					};
				};
			};
			buildConfigurationList = F4CB19B22385E32800EF9C85 /* Build configuration list for PBXProject "apfev3" */;
			compatibilityVersion = "Xcode 9.3";
			developmentRegion = en;
			hasScannedForEncodings = 0;
			knownRegions = (
				en,
				Base,
			);
			mainGroup = F4CB19AE2385E32800EF9C85;
			productRefGroup = F4CB19B82385E32800EF9C85 /* Products */;
			projectDirPath = "";
			projectRoot = "";
			targets = (
				F4CB19B62385E32800EF9C85 /* apfev3 */,
			);
		};
/* End PBXProject section */

/* Begin PBXSourcesBuildPhase section */
		F4CB19B32385E32800EF9C85 /* Sources */ = {
			isa = PBXSourcesBuildPhase;
			buildActionMask = 2147483647;
			files = (
				F4FE3288239B25EE00DD0034 /* exception.cxx in Sources */,
				5CF32B0523A3157F0025023E /* location.cxx in Sources */,
				F4AE873F2386180800E03523 /* acceptor.cxx in Sources */,
				F4AE87392385EFA300E03523 /* charbuf.cxx in Sources */,
				F4AE873C2385FD1400E03523 /* consumer.cxx in Sources */,
				F47D1204239878E900E62435 /* reduce.cxx in Sources */,
				F4CB19BB2385E32800EF9C85 /* main.cxx in Sources */,
				F4CB19D02385EA6800EF9C85 /* util.cxx in Sources */,
				5C94D3D923A2B839005C6EF0 /* node.cxx in Sources */,
			);
			runOnlyForDeploymentPostprocessing = 0;
		};
/* End PBXSourcesBuildPhase section */

/* Begin XCBuildConfiguration section */
		F4CB19BC2385E32800EF9C85 /* Debug */ = {
			isa = XCBuildConfiguration;
			buildSettings = {
				ALWAYS_SEARCH_USER_PATHS = NO;
				CLANG_ANALYZER_NONNULL = YES;
				CLANG_ANALYZER_NUMBER_OBJECT_CONVERSION = YES_AGGRESSIVE;
				CLANG_CXX_LANGUAGE_STANDARD = "c++0x";
				CLANG_CXX_LIBRARY = "libc++";
				CLANG_ENABLE_MODULES = YES;
				CLANG_ENABLE_OBJC_ARC = YES;
				CLANG_ENABLE_OBJC_WEAK = YES;
				CLANG_WARN_BLOCK_CAPTURE_AUTORELEASING = YES;
				CLANG_WARN_BOOL_CONVERSION = YES;
				CLANG_WARN_COMMA = YES;
				CLANG_WARN_CONSTANT_CONVERSION = YES;
				CLANG_WARN_DEPRECATED_OBJC_IMPLEMENTATIONS = YES;
				CLANG_WARN_DIRECT_OBJC_ISA_USAGE = YES_ERROR;
				CLANG_WARN_DOCUMENTATION_COMMENTS = YES;
				CLANG_WARN_EMPTY_BODY = YES;
				CLANG_WARN_ENUM_CONVERSION = YES;
				CLANG_WARN_INFINITE_RECURSION = YES;
				CLANG_WARN_INT_CONVERSION = YES;
				CLANG_WARN_NON_LITERAL_NULL_CONVERSION = YES;
				CLANG_WARN_OBJC_IMPLICIT_RETAIN_SELF = YES;
				CLANG_WARN_OBJC_LITERAL_CONVERSION = YES;
				CLANG_WARN_OBJC_ROOT_CLASS = YES_ERROR;
				CLANG_WARN_RANGE_LOOP_ANALYSIS = YES;
				CLANG_WARN_STRICT_PROTOTYPES = YES;
				CLANG_WARN_SUSPICIOUS_MOVE = YES;
				CLANG_WARN_UNGUARDED_AVAILABILITY = YES_AGGRESSIVE;
				CLANG_WARN_UNREACHABLE_CODE = YES;
				CLANG_WARN__DUPLICATE_METHOD_MATCH = YES;
				COPY_PHASE_STRIP = NO;
				DEBUG_INFORMATION_FORMAT = dwarf;
				ENABLE_STRICT_OBJC_MSGSEND = YES;
				ENABLE_TESTABILITY = YES;
				GCC_C_LANGUAGE_STANDARD = gnu11;
				GCC_DYNAMIC_NO_PIC = NO;
				GCC_NO_COMMON_BLOCKS = YES;
				GCC_OPTIMIZATION_LEVEL = 0;
				GCC_PREPROCESSOR_DEFINITIONS = (
					"DEBUG=1",
					"$(inherited)",
				);
				GCC_WARN_64_TO_32_BIT_CONVERSION = YES;
				GCC_WARN_ABOUT_RETURN_TYPE = YES_ERROR;
				GCC_WARN_UNDECLARED_SELECTOR = YES;
				GCC_WARN_UNINITIALIZED_AUTOS = YES_AGGRESSIVE;
				GCC_WARN_UNUSED_FUNCTION = YES;
				GCC_WARN_UNUSED_VARIABLE = YES;
				MACOSX_DEPLOYMENT_TARGET = 10.14;
				MTL_ENABLE_DEBUG_INFO = INCLUDE_SOURCE;
				MTL_FAST_MATH = YES;
				ONLY_ACTIVE_ARCH = YES;
				SDKROOT = macosx;
			};
			name = Debug;
		};
		F4CB19BD2385E32800EF9C85 /* Release */ = {
			isa = XCBuildConfiguration;
			buildSettings = {
				ALWAYS_SEARCH_USER_PATHS = NO;
				CLANG_ANALYZER_NONNULL = YES;
				CLANG_ANALYZER_NUMBER_OBJECT_CONVERSION = YES_AGGRESSIVE;
				CLANG_CXX_LANGUAGE_STANDARD = "c++0x";
				CLANG_CXX_LIBRARY = "libc++";
				CLANG_ENABLE_MODULES = YES;
				CLANG_ENABLE_OBJC_ARC = YES;
				CLANG_ENABLE_OBJC_WEAK = YES;
				CLANG_WARN_BLOCK_CAPTURE_AUTORELEASING = YES;
				CLANG_WARN_BOOL_CONVERSION = YES;
				CLANG_WARN_COMMA = YES;
				CLANG_WARN_CONSTANT_CONVERSION = YES;
				CLANG_WARN_DEPRECATED_OBJC_IMPLEMENTATIONS = YES;
				CLANG_WARN_DIRECT_OBJC_ISA_USAGE = YES_ERROR;
				CLANG_WARN_DOCUMENTATION_COMMENTS = YES;
				CLANG_WARN_EMPTY_BODY = YES;
				CLANG_WARN_ENUM_CONVERSION = YES;
				CLANG_WARN_INFINITE_RECURSION = YES;
				CLANG_WARN_INT_CONVERSION = YES;
				CLANG_WARN_NON_LITERAL_NULL_CONVERSION = YES;
				CLANG_WARN_OBJC_IMPLICIT_RETAIN_SELF = YES;
				CLANG_WARN_OBJC_LITERAL_CONVERSION = YES;
				CLANG_WARN_OBJC_ROOT_CLASS = YES_ERROR;
				CLANG_WARN_RANGE_LOOP_ANALYSIS = YES;
				CLANG_WARN_STRICT_PROTOTYPES = YES;
				CLANG_WARN_SUSPICIOUS_MOVE = YES;
				CLANG_WARN_UNGUARDED_AVAILABILITY = YES_AGGRESSIVE;
				CLANG_WARN_UNREACHABLE_CODE = YES;
				CLANG_WARN__DUPLICATE_METHOD_MATCH = YES;
				COPY_PHASE_STRIP = NO;
				DEBUG_INFORMATION_FORMAT = "dwarf-with-dsym";
				ENABLE_NS_ASSERTIONS = NO;
				ENABLE_STRICT_OBJC_MSGSEND = YES;
				GCC_C_LANGUAGE_STANDARD = gnu11;
				GCC_NO_COMMON_BLOCKS = YES;
				GCC_WARN_64_TO_32_BIT_CONVERSION = YES;
				GCC_WARN_ABOUT_RETURN_TYPE = YES_ERROR;
				GCC_WARN_UNDECLARED_SELECTOR = YES;
				GCC_WARN_UNINITIALIZED_AUTOS = YES_AGGRESSIVE;
				GCC_WARN_UNUSED_FUNCTION = YES;
				GCC_WARN_UNUSED_VARIABLE = YES;
				MACOSX_DEPLOYMENT_TARGET = 10.14;
				MTL_ENABLE_DEBUG_INFO = NO;
				MTL_FAST_MATH = YES;
				SDKROOT = macosx;
			};
			name = Release;
		};
		F4CB19BF2385E32800EF9C85 /* Debug */ = {
			isa = XCBuildConfiguration;
			buildSettings = {
				CLANG_CXX_LANGUAGE_STANDARD = "c++0x";
				CLANG_CXX_LIBRARY = "libc++";
				CODE_SIGN_STYLE = Automatic;
				"HEADER_SEARCH_PATHS[arch=*]" = src;
				PRODUCT_NAME = "$(TARGET_NAME)";
			};
			name = Debug;
		};
		F4CB19C02385E32800EF9C85 /* Release */ = {
			isa = XCBuildConfiguration;
			buildSettings = {
				CLANG_CXX_LANGUAGE_STANDARD = "c++0x";
				CLANG_CXX_LIBRARY = "libc++";
				CODE_SIGN_STYLE = Automatic;
				"HEADER_SEARCH_PATHS[arch=*]" = src;
				PRODUCT_NAME = "$(TARGET_NAME)";
			};
			name = Release;
		};
/* End XCBuildConfiguration section */

/* Begin XCConfigurationList section */
		F4CB19B22385E32800EF9C85 /* Build configuration list for PBXProject "apfev3" */ = {
			isa = XCConfigurationList;
			buildConfigurations = (
				F4CB19BC2385E32800EF9C85 /* Debug */,
				F4CB19BD2385E32800EF9C85 /* Release */,
			);
			defaultConfigurationIsVisible = 0;
			defaultConfigurationName = Release;
		};
		F4CB19BE2385E32800EF9C85 /* Build configuration list for PBXNativeTarget "apfev3" */ = {
			isa = XCConfigurationList;
			buildConfigurations = (
				F4CB19BF2385E32800EF9C85 /* Debug */,
				F4CB19C02385E32800EF9C85 /* Release */,
			);
			defaultConfigurationIsVisible = 0;
			defaultConfigurationName = Release;
		};
/* End XCConfigurationList section */
	};
	rootObject = F4CB19AF2385E32800EF9C85 /* Project object */;
}
